
Microsoft Visual Studio Solution File, Format Version 12.00
# Visual Studio Version 16
VisualStudioVersion = 16.0.810.17
MinimumVisualStudioVersion = 10.0.40219.1
Project("{FAE04EC0-301F-11D3-BF4B-00C04F79EFBC}") = "TechAssignment2.BasicConsoleApp", "TechAssignment2.BasicConsoleApp\TechAssignment2.BasicConsoleApp.csproj", "{4700EF18-3280-4C4E-93BB-80F0DE936E49}"
EndProject
Global
	GlobalSection(SolutionConfigurationPlatforms) = preSolution
		Debug|Any CPU = Debug|Any CPU
		Release|Any CPU = Release|Any CPU
	EndGlobalSection
	GlobalSection(ProjectConfigurationPlatforms) = postSolution
		{4700EF18-3280-4C4E-93BB-80F0DE936E49}.Debug|Any CPU.ActiveCfg = Debug|Any CPU
		{4700EF18-3280-4C4E-93BB-80F0DE936E49}.Debug|Any CPU.Build.0 = Debug|Any CPU
		{4700EF18-3280-4C4E-93BB-80F0DE936E49}.Release|Any CPU.ActiveCfg = Release|Any CPU
		{4700EF18-3280-4C4E-93BB-80F0DE936E49}.Release|Any CPU.Build.0 = Release|Any CPU
	EndGlobalSection
	GlobalSection(SolutionProperties) = preSolution
		HideSolutionNode = FALSE
	EndGlobalSection
	GlobalSection(ExtensibilityGlobals) = postSolution
		SolutionGuid = {7F52CBC2-28C5-41C2-B6F2-4122054F19AF}
	EndGlobalSection
EndGlobal
